// !$*UTF8*$!
{
	archiveVersion = 1;
	classes = {
	};
	objectVersion = 77;
	objects = {

/* Begin PBXContainerItemProxy section */
		FEE483DE2E8DBEFC00517B23 /* PBXContainerItemProxy */ = {
			isa = PBXContainerItemProxy;
			containerPortal = FEE483C82E8DBEF900517B23 /* Project object */;
			proxyType = 1;
			remoteGlobalIDString = FEE483CF2E8DBEF900517B23;
			remoteInfo = DeweyApp;
		};
		FEE483E82E8DBEFC00517B23 /* PBXContainerItemProxy */ = {
			isa = PBXContainerItemProxy;
			containerPortal = FEE483C82E8DBEF900517B23 /* Project object */;
			proxyType = 1;
			remoteGlobalIDString = FEE483CF2E8DBEF900517B23;
			remoteInfo = DeweyApp;
		};
/* End PBXContainerItemProxy section */

/* Begin PBXFileReference section */
		FEE483D02E8DBEF900517B23 /* DeweyApp.app */ = {isa = PBXFileReference; explicitFileType = wrapper.application; includeInIndex = 0; path = DeweyApp.app; sourceTree = BUILT_PRODUCTS_DIR; };
		FEE483DD2E8DBEFC00517B23 /* DeweyAppTests.xctest */ = {isa = PBXFileReference; explicitFileType = wrapper.cfbundle; includeInIndex = 0; path = DeweyAppTests.xctest; sourceTree = BUILT_PRODUCTS_DIR; };
		FEE483E72E8DBEFC00517B23 /* DeweyAppUITests.xctest */ = {isa = PBXFileReference; explicitFileType = wrapper.cfbundle; includeInIndex = 0; path = DeweyAppUITests.xctest; sourceTree = BUILT_PRODUCTS_DIR; };
/* End PBXFileReference section */

/* Begin PBXFileSystemSynchronizedRootGroup section */
		FEE483D22E8DBEF900517B23 /* DeweyApp */ = {
			isa = PBXFileSystemSynchronizedRootGroup;
			path = DeweyApp;
			sourceTree = "<group>";
		};
		FEE483E02E8DBEFC00517B23 /* DeweyAppTests */ = {
			isa = PBXFileSystemSynchronizedRootGroup;
			path = DeweyAppTests;
			sourceTree = "<group>";
		};
		FEE483EA2E8DBEFC00517B23 /* DeweyAppUITests */ = {
			isa = PBXFileSystemSynchronizedRootGroup;
			path = DeweyAppUITests;
			sourceTree = "<group>";
		};
/* End PBXFileSystemSynchronizedRootGroup section */

/* Begin PBXFrameworksBuildPhase section */
		FEE483CD2E8DBEF900517B23 /* Frameworks */ = {
			isa = PBXFrameworksBuildPhase;
			buildActionMask = 2147483647;
			files = (
			);
			runOnlyForDeploymentPostprocessing = 0;
		};
		FEE483DA2E8DBEFC00517B23 /* Frameworks */ = {
			isa = PBXFrameworksBuildPhase;
			buildActionMask = 2147483647;
			files = (
			);
			runOnlyForDeploymentPostprocessing = 0;
		};
		FEE483E42E8DBEFC00517B23 /* Frameworks */ = {
			isa = PBXFrameworksBuildPhase;
			buildActionMask = 2147483647;
			files = (
			);
			runOnlyForDeploymentPostprocessing = 0;
		};
/* End PBXFrameworksBuildPhase section */

/* Begin PBXGroup section */
		FEE483C72E8DBEF900517B23 = {
			isa = PBXGroup;
			children = (
				FEE483D22E8DBEF900517B23 /* DeweyApp */,
				FEE483E02E8DBEFC00517B23 /* DeweyAppTests */,
				FEE483EA2E8DBEFC00517B23 /* DeweyAppUITests */,
				FEE483D12E8DBEF900517B23 /* Products */,
			);
			sourceTree = "<group>";
		};
		FEE483D12E8DBEF900517B23 /* Products */ = {
			isa = PBXGroup;
			children = (
				FEE483D02E8DBEF900517B23 /* DeweyApp.app */,
				FEE483DD2E8DBEFC00517B23 /* DeweyAppTests.xctest */,
				FEE483E72E8DBEFC00517B23 /* DeweyAppUITests.xctest */,
			);
			name = Products;
			sourceTree = "<group>";
		};
/* End PBXGroup section */

/* Begin PBXNativeTarget section */
		FEE483CF2E8DBEF900517B23 /* DeweyApp */ = {
			isa = PBXNativeTarget;
			buildConfigurationList = FEE483F12E8DBEFC00517B23 /* Build configuration list for PBXNativeTarget "DeweyApp" */;
			buildPhases = (
				FEE483CC2E8DBEF900517B23 /* Sources */,
				FEE483CD2E8DBEF900517B23 /* Frameworks */,
				FEE483CE2E8DBEF900517B23 /* Resources */,
			);
			buildRules = (
			);
			dependencies = (
			);
			fileSystemSynchronizedGroups = (
				FEE483D22E8DBEF900517B23 /* DeweyApp */,
			);
			name = DeweyApp;
			packageProductDependencies = (
			);
			productName = DeweyApp;
			productReference = FEE483D02E8DBEF900517B23 /* DeweyApp.app */;
			productType = "com.apple.product-type.application";
		};
		FEE483DC2E8DBEFC00517B23 /* DeweyAppTests */ = {
			isa = PBXNativeTarget;
			buildConfigurationList = FEE483F42E8DBEFC00517B23 /* Build configuration list for PBXNativeTarget "DeweyAppTests" */;
			buildPhases = (
				FEE483D92E8DBEFC00517B23 /* Sources */,
				FEE483DA2E8DBEFC00517B23 /* Frameworks */,
				FEE483DB2E8DBEFC00517B23 /* Resources */,
			);
			buildRules = (
			);
			dependencies = (
				FEE483DF2E8DBEFC00517B23 /* PBXTargetDependency */,
			);
			fileSystemSynchronizedGroups = (
				FEE483E02E8DBEFC00517B23 /* DeweyAppTests */,
			);
			name = DeweyAppTests;
			packageProductDependencies = (
			);
			productName = DeweyAppTests;
			productReference = FEE483DD2E8DBEFC00517B23 /* DeweyAppTests.xctest */;
			productType = "com.apple.product-type.bundle.unit-test";
		};
		FEE483E62E8DBEFC00517B23 /* DeweyAppUITests */ = {
			isa = PBXNativeTarget;
			buildConfigurationList = FEE483F72E8DBEFC00517B23 /* Build configuration list for PBXNativeTarget "DeweyAppUITests" */;
			buildPhases = (
				FEE483E32E8DBEFC00517B23 /* Sources */,
				FEE483E42E8DBEFC00517B23 /* Frameworks */,
				FEE483E52E8DBEFC00517B23 /* Resources */,
			);
			buildRules = (
			);
			dependencies = (
				FEE483E92E8DBEFC00517B23 /* PBXTargetDependency */,
			);
			fileSystemSynchronizedGroups = (
				FEE483EA2E8DBEFC00517B23 /* DeweyAppUITests */,
			);
			name = DeweyAppUITests;
			packageProductDependencies = (
			);
			productName = DeweyAppUITests;
			productReference = FEE483E72E8DBEFC00517B23 /* DeweyAppUITests.xctest */;
			productType = "com.apple.product-type.bundle.ui-testing";
		};
/* End PBXNativeTarget section */

/* Begin PBXProject section */
		FEE483C82E8DBEF900517B23 /* Project object */ = {
			isa = PBXProject;
			attributes = {
				BuildIndependentTargetsInParallel = 1;
				LastSwiftUpdateCheck = 1640;
				LastUpgradeCheck = 1640;
				TargetAttributes = {
					FEE483CF2E8DBEF900517B23 = {
						CreatedOnToolsVersion = 16.4;
					};
					FEE483DC2E8DBEFC00517B23 = {
						CreatedOnToolsVersion = 16.4;
						TestTargetID = FEE483CF2E8DBEF900517B23;
					};
					FEE483E62E8DBEFC00517B23 = {
						CreatedOnToolsVersion = 16.4;
						TestTargetID = FEE483CF2E8DBEF900517B23;
					};
				};
			};
			buildConfigurationList = FEE483CB2E8DBEF900517B23 /* Build configuration list for PBXProject "DeweyApp" */;
			developmentRegion = en;
			hasScannedForEncodings = 0;
			knownRegions = (
				en,
				Base,
			);
			mainGroup = FEE483C72E8DBEF900517B23;
			minimizedProjectReferenceProxies = 1;
			preferredProjectObjectVersion = 77;
			productRefGroup = FEE483D12E8DBEF900517B23 /* Products */;
			projectDirPath = "";
			projectRoot = "";
			targets = (
				FEE483CF2E8DBEF900517B23 /* DeweyApp */,
				FEE483DC2E8DBEFC00517B23 /* DeweyAppTests */,
				FEE483E62E8DBEFC00517B23 /* DeweyAppUITests */,
			);
		};
/* End PBXProject section */

/* Begin PBXResourcesBuildPhase section */
		FEE483CE2E8DBEF900517B23 /* Resources */ = {
			isa = PBXResourcesBuildPhase;
			buildActionMask = 2147483647;
			files = (
			);
			runOnlyForDeploymentPostprocessing = 0;
		};
		FEE483DB2E8DBEFC00517B23 /* Resources */ = {
			isa = PBXResourcesBuildPhase;
			buildActionMask = 2147483647;
			files = (
			);
			runOnlyForDeploymentPostprocessing = 0;
		};
		FEE483E52E8DBEFC00517B23 /* Resources */ = {
			isa = PBXResourcesBuildPhase;
			buildActionMask = 2147483647;
			files = (
			);
			runOnlyForDeploymentPostprocessing = 0;
		};
/* End PBXResourcesBuildPhase section */

/* Begin PBXSourcesBuildPhase section */
		FEE483CC2E8DBEF900517B23 /* Sources */ = {
			isa = PBXSourcesBuildPhase;
			buildActionMask = 2147483647;
			files = (
			);
			runOnlyForDeploymentPostprocessing = 0;
		};
		FEE483D92E8DBEFC00517B23 /* Sources */ = {
			isa = PBXSourcesBuildPhase;
			buildActionMask = 2147483647;
			files = (
			);
			runOnlyForDeploymentPostprocessing = 0;
		};
		FEE483E32E8DBEFC00517B23 /* Sources */ = {
			isa = PBXSourcesBuildPhase;
			buildActionMask = 2147483647;
			files = (
			);
			runOnlyForDeploymentPostprocessing = 0;
		};
/* End PBXSourcesBuildPhase section */

/* Begin PBXTargetDependency section */
		FEE483DF2E8DBEFC00517B23 /* PBXTargetDependency */ = {
			isa = PBXTargetDependency;
			target = FEE483CF2E8DBEF900517B23 /* DeweyApp */;
			targetProxy = FEE483DE2E8DBEFC00517B23 /* PBXContainerItemProxy */;
		};
		FEE483E92E8DBEFC00517B23 /* PBXTargetDependency */ = {
			isa = PBXTargetDependency;
			target = FEE483CF2E8DBEF900517B23 /* DeweyApp */;
			targetProxy = FEE483E82E8DBEFC00517B23 /* PBXContainerItemProxy */;
		};
/* End PBXTargetDependency section */

/* Begin XCBuildConfiguration section */
		FEE483EF2E8DBEFC00517B23 /* Debug */ = {
			isa = XCBuildConfiguration;
			buildSettings = {
				ALWAYS_SEARCH_USER_PATHS = NO;
				ASSETCATALOG_COMPILER_GENERATE_SWIFT_ASSET_SYMBOL_EXTENSIONS = YES;
				CLANG_ANALYZER_NONNULL = YES;
				CLANG_ANALYZER_NUMBER_OBJECT_CONVERSION = YES_AGGRESSIVE;
				CLANG_CXX_LANGUAGE_STANDARD = "gnu++20";
				CLANG_ENABLE_MODULES = YES;
				CLANG_ENABLE_OBJC_ARC = YES;
				CLANG_ENABLE_OBJC_WEAK = YES;
				CLANG_WARN_BLOCK_CAPTURE_AUTORELEASING = YES;
				CLANG_WARN_BOOL_CONVERSION = YES;
				CLANG_WARN_COMMA = YES;
				CLANG_WARN_CONSTANT_CONVERSION = YES;
				CLANG_WARN_DEPRECATED_OBJC_IMPLEMENTATIONS = YES;
				CLANG_WARN_DIRECT_OBJC_ISA_USAGE = YES_ERROR;
				CLANG_WARN_DOCUMENTATION_COMMENTS = YES;
				CLANG_WARN_EMPTY_BODY = YES;
				CLANG_WARN_ENUM_CONVERSION = YES;
				CLANG_WARN_INFINITE_RECURSION = YES;
				CLANG_WARN_INT_CONVERSION = YES;
				CLANG_WARN_NON_LITERAL_NULL_CONVERSION = YES;
				CLANG_WARN_OBJC_IMPLICIT_RETAIN_SELF = YES;
				CLANG_WARN_OBJC_LITERAL_CONVERSION = YES;
				CLANG_WARN_OBJC_ROOT_CLASS = YES_ERROR;
				CLANG_WARN_QUOTED_INCLUDE_IN_FRAMEWORK_HEADER = YES;
				CLANG_WARN_RANGE_LOOP_ANALYSIS = YES;
				CLANG_WARN_STRICT_PROTOTYPES = YES;
				CLANG_WARN_SUSPICIOUS_MOVE = YES;
				CLANG_WARN_UNGUARDED_AVAILABILITY = YES_AGGRESSIVE;
				CLANG_WARN_UNREACHABLE_CODE = YES;
				CLANG_WARN__DUPLICATE_METHOD_MATCH = YES;
				COPY_PHASE_STRIP = NO;
				DEBUG_INFORMATION_FORMAT = dwarf;
				ENABLE_STRICT_OBJC_MSGSEND = YES;
				ENABLE_TESTABILITY = YES;
				ENABLE_USER_SCRIPT_SANDBOXING = YES;
				GCC_C_LANGUAGE_STANDARD = gnu17;
				GCC_DYNAMIC_NO_PIC = NO;
				GCC_NO_COMMON_BLOCKS = YES;
				GCC_OPTIMIZATION_LEVEL = 0;
				GCC_PREPROCESSOR_DEFINITIONS = (
					"DEBUG=1",
					"$(inherited)",
				);
				GCC_WARN_64_TO_32_BIT_CONVERSION = YES;
				GCC_WARN_ABOUT_RETURN_TYPE = YES_ERROR;
				GCC_WARN_UNDECLARED_SELECTOR = YES;
				GCC_WARN_UNINITIALIZED_AUTOS = YES_AGGRESSIVE;
				GCC_WARN_UNUSED_FUNCTION = YES;
				GCC_WARN_UNUSED_VARIABLE = YES;
				IPHONEOS_DEPLOYMENT_TARGET = 18.5;
				LOCALIZATION_PREFERS_STRING_CATALOGS = YES;
				MTL_ENABLE_DEBUG_INFO = INCLUDE_SOURCE;
				MTL_FAST_MATH = YES;
				ONLY_ACTIVE_ARCH = YES;
				SDKROOT = iphoneos;
				SWIFT_ACTIVE_COMPILATION_CONDITIONS = "DEBUG $(inherited)";
				SWIFT_OPTIMIZATION_LEVEL = "-Onone";
			};
			name = Debug;
		};
		FEE483F02E8DBEFC00517B23 /* Release */ = {
			isa = XCBuildConfiguration;
			buildSettings = {
				ALWAYS_SEARCH_USER_PATHS = NO;
				ASSETCATALOG_COMPILER_GENERATE_SWIFT_ASSET_SYMBOL_EXTENSIONS = YES;
				CLANG_ANALYZER_NONNULL = YES;
				CLANG_ANALYZER_NUMBER_OBJECT_CONVERSION = YES_AGGRESSIVE;
				CLANG_CXX_LANGUAGE_STANDARD = "gnu++20";
				CLANG_ENABLE_MODULES = YES;
				CLANG_ENABLE_OBJC_ARC = YES;
				CLANG_ENABLE_OBJC_WEAK = YES;
				CLANG_WARN_BLOCK_CAPTURE_AUTORELEASING = YES;
				CLANG_WARN_BOOL_CONVERSION = YES;
				CLANG_WARN_COMMA = YES;
				CLANG_WARN_CONSTANT_CONVERSION = YES;
				CLANG_WARN_DEPRECATED_OBJC_IMPLEMENTATIONS = YES;
				CLANG_WARN_DIRECT_OBJC_ISA_USAGE = YES_ERROR;
				CLANG_WARN_DOCUMENTATION_COMMENTS = YES;
				CLANG_WARN_EMPTY_BODY = YES;
				CLANG_WARN_ENUM_CONVERSION = YES;
				CLANG_WARN_INFINITE_RECURSION = YES;
				CLANG_WARN_INT_CONVERSION = YES;
				CLANG_WARN_NON_LITERAL_NULL_CONVERSION = YES;
				CLANG_WARN_OBJC_IMPLICIT_RETAIN_SELF = YES;
				CLANG_WARN_OBJC_LITERAL_CONVERSION = YES;
				CLANG_WARN_OBJC_ROOT_CLASS = YES_ERROR;
				CLANG_WARN_QUOTED_INCLUDE_IN_FRAMEWORK_HEADER = YES;
				CLANG_WARN_RANGE_LOOP_ANALYSIS = YES;
				CLANG_WARN_STRICT_PROTOTYPES = YES;
				CLANG_WARN_SUSPICIOUS_MOVE = YES;
				CLANG_WARN_UNGUARDED_AVAILABILITY = YES_AGGRESSIVE;
				CLANG_WARN_UNREACHABLE_CODE = YES;
				CLANG_WARN__DUPLICATE_METHOD_MATCH = YES;
				COPY_PHASE_STRIP = NO;
				DEBUG_INFORMATION_FORMAT = "dwarf-with-dsym";
				ENABLE_NS_ASSERTIONS = NO;
				ENABLE_STRICT_OBJC_MSGSEND = YES;
				ENABLE_USER_SCRIPT_SANDBOXING = YES;
				GCC_C_LANGUAGE_STANDARD = gnu17;
				GCC_NO_COMMON_BLOCKS = YES;
				GCC_WARN_64_TO_32_BIT_CONVERSION = YES;
				GCC_WARN_ABOUT_RETURN_TYPE = YES_ERROR;
				GCC_WARN_UNDECLARED_SELECTOR = YES;
				GCC_WARN_UNINITIALIZED_AUTOS = YES_AGGRESSIVE;
				GCC_WARN_UNUSED_FUNCTION = YES;
				GCC_WARN_UNUSED_VARIABLE = YES;
				IPHONEOS_DEPLOYMENT_TARGET = 18.5;
				LOCALIZATION_PREFERS_STRING_CATALOGS = YES;
				MTL_ENABLE_DEBUG_INFO = NO;
				MTL_FAST_MATH = YES;
				SDKROOT = iphoneos;
				SWIFT_COMPILATION_MODE = wholemodule;
				VALIDATE_PRODUCT = YES;
			};
			name = Release;
		};
		FEE483F22E8DBEFC00517B23 /* Debug */ = {
			isa = XCBuildConfiguration;
			buildSettings = {
				ASSETCATALOG_COMPILER_APPICON_NAME = AppIcon;
				ASSETCATALOG_COMPILER_GLOBAL_ACCENT_COLOR_NAME = AccentColor;
				CODE_SIGN_STYLE = Automatic;
				CURRENT_PROJECT_VERSION = 1;
				ENABLE_PREVIEWS = YES;
				GENERATE_INFOPLIST_FILE = YES;
				INFOPLIST_KEY_UIApplicationSceneManifest_Generation = YES;
				INFOPLIST_KEY_UIApplicationSupportsIndirectInputEvents = YES;
				INFOPLIST_KEY_UILaunchScreen_Generation = YES;
				INFOPLIST_KEY_UISupportedInterfaceOrientations_iPad = "UIInterfaceOrientationPortrait UIInterfaceOrientationPortraitUpsideDown UIInterfaceOrientationLandscapeLeft UIInterfaceOrientationLandscapeRight";
				INFOPLIST_KEY_UISupportedInterfaceOrientations_iPhone = "UIInterfaceOrientationPortrait UIInterfaceOrientationLandscapeLeft UIInterfaceOrientationLandscapeRight";
				LD_RUNPATH_SEARCH_PATHS = (
					"$(inherited)",
					"@executable_path/Frameworks",
				);
				MARKETING_VERSION = 1.0;
				PRODUCT_BUNDLE_IDENTIFIER = "https---github.com-ethanernst11-dewey.git.DeweyApp";
				PRODUCT_NAME = "$(TARGET_NAME)";
				SWIFT_EMIT_LOC_STRINGS = YES;
				SWIFT_VERSION = 5.0;
				TARGETED_DEVICE_FAMILY = "1,2";
			};
			name = Debug;
		};
		FEE483F32E8DBEFC00517B23 /* Release */ = {
			isa = XCBuildConfiguration;
			buildSettings = {
				ASSETCATALOG_COMPILER_APPICON_NAME = AppIcon;
				ASSETCATALOG_COMPILER_GLOBAL_ACCENT_COLOR_NAME = AccentColor;
				CODE_SIGN_STYLE = Automatic;
				CURRENT_PROJECT_VERSION = 1;
				ENABLE_PREVIEWS = YES;
				GENERATE_INFOPLIST_FILE = YES;
				INFOPLIST_KEY_UIApplicationSceneManifest_Generation = YES;
				INFOPLIST_KEY_UIApplicationSupportsIndirectInputEvents = YES;
				INFOPLIST_KEY_UILaunchScreen_Generation = YES;
				INFOPLIST_KEY_UISupportedInterfaceOrientations_iPad = "UIInterfaceOrientationPortrait UIInterfaceOrientationPortraitUpsideDown UIInterfaceOrientationLandscapeLeft UIInterfaceOrientationLandscapeRight";
				INFOPLIST_KEY_UISupportedInterfaceOrientations_iPhone = "UIInterfaceOrientationPortrait UIInterfaceOrientationLandscapeLeft UIInterfaceOrientationLandscapeRight";
				LD_RUNPATH_SEARCH_PATHS = (
					"$(inherited)",
					"@executable_path/Frameworks",
				);
				MARKETING_VERSION = 1.0;
				PRODUCT_BUNDLE_IDENTIFIER = "https---github.com-ethanernst11-dewey.git.DeweyApp";
				PRODUCT_NAME = "$(TARGET_NAME)";
				SWIFT_EMIT_LOC_STRINGS = YES;
				SWIFT_VERSION = 5.0;
				TARGETED_DEVICE_FAMILY = "1,2";
			};
			name = Release;
		};
		FEE483F52E8DBEFC00517B23 /* Debug */ = {
			isa = XCBuildConfiguration;
			buildSettings = {
				BUNDLE_LOADER = "$(TEST_HOST)";
				CODE_SIGN_STYLE = Automatic;
				CURRENT_PROJECT_VERSION = 1;
				GENERATE_INFOPLIST_FILE = YES;
				IPHONEOS_DEPLOYMENT_TARGET = 18.5;
				MARKETING_VERSION = 1.0;
				PRODUCT_BUNDLE_IDENTIFIER = "https---github.com-ethanernst11-dewey.git.DeweyAppTests";
				PRODUCT_NAME = "$(TARGET_NAME)";
				SWIFT_EMIT_LOC_STRINGS = NO;
				SWIFT_VERSION = 5.0;
				TARGETED_DEVICE_FAMILY = "1,2";
				TEST_HOST = "$(BUILT_PRODUCTS_DIR)/DeweyApp.app/$(BUNDLE_EXECUTABLE_FOLDER_PATH)/DeweyApp";
			};
			name = Debug;
		};
		FEE483F62E8DBEFC00517B23 /* Release */ = {
			isa = XCBuildConfiguration;
			buildSettings = {
				BUNDLE_LOADER = "$(TEST_HOST)";
				CODE_SIGN_STYLE = Automatic;
				CURRENT_PROJECT_VERSION = 1;
				GENERATE_INFOPLIST_FILE = YES;
				IPHONEOS_DEPLOYMENT_TARGET = 18.5;
				MARKETING_VERSION = 1.0;
				PRODUCT_BUNDLE_IDENTIFIER = "https---github.com-ethanernst11-dewey.git.DeweyAppTests";
				PRODUCT_NAME = "$(TARGET_NAME)";
				SWIFT_EMIT_LOC_STRINGS = NO;
				SWIFT_VERSION = 5.0;
				TARGETED_DEVICE_FAMILY = "1,2";
				TEST_HOST = "$(BUILT_PRODUCTS_DIR)/DeweyApp.app/$(BUNDLE_EXECUTABLE_FOLDER_PATH)/DeweyApp";
			};
			name = Release;
		};
		FEE483F82E8DBEFC00517B23 /* Debug */ = {
			isa = XCBuildConfiguration;
			buildSettings = {
				CODE_SIGN_STYLE = Automatic;
				CURRENT_PROJECT_VERSION = 1;
				GENERATE_INFOPLIST_FILE = YES;
				MARKETING_VERSION = 1.0;
				PRODUCT_BUNDLE_IDENTIFIER = "https---github.com-ethanernst11-dewey.git.DeweyAppUITests";
				PRODUCT_NAME = "$(TARGET_NAME)";
				SWIFT_EMIT_LOC_STRINGS = NO;
				SWIFT_VERSION = 5.0;
				TARGETED_DEVICE_FAMILY = "1,2";
				TEST_TARGET_NAME = DeweyApp;
			};
			name = Debug;
		};
		FEE483F92E8DBEFC00517B23 /* Release */ = {
			isa = XCBuildConfiguration;
			buildSettings = {
				CODE_SIGN_STYLE = Automatic;
				CURRENT_PROJECT_VERSION = 1;
				GENERATE_INFOPLIST_FILE = YES;
				MARKETING_VERSION = 1.0;
				PRODUCT_BUNDLE_IDENTIFIER = "https---github.com-ethanernst11-dewey.git.DeweyAppUITests";
				PRODUCT_NAME = "$(TARGET_NAME)";
				SWIFT_EMIT_LOC_STRINGS = NO;
				SWIFT_VERSION = 5.0;
				TARGETED_DEVICE_FAMILY = "1,2";
				TEST_TARGET_NAME = DeweyApp;
			};
			name = Release;
		};
/* End XCBuildConfiguration section */

/* Begin XCConfigurationList section */
		FEE483CB2E8DBEF900517B23 /* Build configuration list for PBXProject "DeweyApp" */ = {
			isa = XCConfigurationList;
			buildConfigurations = (
				FEE483EF2E8DBEFC00517B23 /* Debug */,
				FEE483F02E8DBEFC00517B23 /* Release */,
			);
			defaultConfigurationIsVisible = 0;
			defaultConfigurationName = Release;
		};
		FEE483F12E8DBEFC00517B23 /* Build configuration list for PBXNativeTarget "DeweyApp" */ = {
			isa = XCConfigurationList;
			buildConfigurations = (
				FEE483F22E8DBEFC00517B23 /* Debug */,
				FEE483F32E8DBEFC00517B23 /* Release */,
			);
			defaultConfigurationIsVisible = 0;
			defaultConfigurationName = Release;
		};
		FEE483F42E8DBEFC00517B23 /* Build configuration list for PBXNativeTarget "DeweyAppTests" */ = {
			isa = XCConfigurationList;
			buildConfigurations = (
				FEE483F52E8DBEFC00517B23 /* Debug */,
				FEE483F62E8DBEFC00517B23 /* Release */,
			);
			defaultConfigurationIsVisible = 0;
			defaultConfigurationName = Release;
		};
		FEE483F72E8DBEFC00517B23 /* Build configuration list for PBXNativeTarget "DeweyAppUITests" */ = {
			isa = XCConfigurationList;
			buildConfigurations = (
				FEE483F82E8DBEFC00517B23 /* Debug */,
				FEE483F92E8DBEFC00517B23 /* Release */,
			);
			defaultConfigurationIsVisible = 0;
			defaultConfigurationName = Release;
		};
/* End XCConfigurationList section */
	};
	rootObject = FEE483C82E8DBEF900517B23 /* Project object */;
}
